// !$*UTF8*$!
{
	archiveVersion = 1;
	classes = {
	};
	objectVersion = 45;
	objects = {

/* Begin PBXBuildFile section */
		1D60589F0D05DD5A006BFB54 /* Foundation.framework in Frameworks */ = {isa = PBXBuildFile; fileRef = 1D30AB110D05D00D00671497 /* Foundation.framework */; };
		1DF5F4E00D08C38300B7A737 /* UIKit.framework in Frameworks */ = {isa = PBXBuildFile; fileRef = 1DF5F4DF0D08C38300B7A737 /* UIKit.framework */; };
		288765FD0DF74451002DB57D /* CoreGraphics.framework in Frameworks */ = {isa = PBXBuildFile; fileRef = 288765FC0DF74451002DB57D /* CoreGraphics.framework */; };
		4D27E4840F9AD71900447247 /* OpenGLES.framework in Frameworks */ = {isa = PBXBuildFile; fileRef = 4D27E4830F9AD71900447247 /* OpenGLES.framework */; };
		4D27E4B50F9AD7D600447247 /* QuartzCore.framework in Frameworks */ = {isa = PBXBuildFile; fileRef = 4D27E4B40F9AD7D600447247 /* QuartzCore.framework */; };
		5A21220916EFB39C001BF08B /* models in Resources */ = {isa = PBXBuildFile; fileRef = 5A21220616EFB39C001BF08B /* models */; };
		5A21220A16EFB39C001BF08B /* shaders in Resources */ = {isa = PBXBuildFile; fileRef = 5A21220716EFB39C001BF08B /* shaders */; };
		5A21220B16EFB39C001BF08B /* textures in Resources */ = {isa = PBXBuildFile; fileRef = 5A21220816EFB39C001BF08B /* textures */; };
		5A21224416EFB4E6001BF08B /* include in Resources */ = {isa = PBXBuildFile; fileRef = 5A21224316EFB4E6001BF08B /* include */; };
		5A27CAC6171210B40028DF13 /* boost.framework in Frameworks */ = {isa = PBXBuildFile; fileRef = 5A27CAC5171210B40028DF13 /* boost.framework */; };
		5A27CAC9171219100028DF13 /* Text.cpp in Sources */ = {isa = PBXBuildFile; fileRef = 5A27CAC7171219100028DF13 /* Text.cpp */; };
		5A27CACC171237D10028DF13 /* Resources.cpp in Sources */ = {isa = PBXBuildFile; fileRef = 5A27CACA171237D10028DF13 /* Resources.cpp */; };
		5A3E621B180B243900214718 /* ParticleSystem.cpp in Sources */ = {isa = PBXBuildFile; fileRef = 5A3E6219180B243900214718 /* ParticleSystem.cpp */; };
		5A3E621E180B4DB900214718 /* Projectile.cpp in Sources */ = {isa = PBXBuildFile; fileRef = 5A3E621C180B4DB900214718 /* Projectile.cpp */; };
		5A58E78F16F6463200AA4635 /* Rect.cpp in Sources */ = {isa = PBXBuildFile; fileRef = 5A58E78E16F6463200AA4635 /* Rect.cpp */; };
		5A58E79116F6464300AA4635 /* Area.cpp in Sources */ = {isa = PBXBuildFile; fileRef = 5A58E79016F6464300AA4635 /* Area.cpp */; };
		5A5DBEFF17A5CBCB00DB031C /* TouchInput.cpp in Sources */ = {isa = PBXBuildFile; fileRef = 5AE85B1716F69D0400F47648 /* TouchInput.cpp */; };
		5A5DBF0017A5CC0F00DB031C /* CameraController.cpp in Sources */ = {isa = PBXBuildFile; fileRef = 5A5DBEFC17A5CAB300DB031C /* CameraController.cpp */; };
		5A62F35217A5F9620050B91A /* Material.cpp in Sources */ = {isa = PBXBuildFile; fileRef = 5A62F34F17A5F9620050B91A /* Material.cpp */; };
		5A9B879816F89E4F000B53BF /* ObjectController.cpp in Sources */ = {isa = PBXBuildFile; fileRef = 5A9B879616F89E4F000B53BF /* ObjectController.cpp */; };
		5A9D974616F96BB60099763E /* LifeMeter.cpp in Sources */ = {isa = PBXBuildFile; fileRef = 5A9D974416F96BB60099763E /* LifeMeter.cpp */; };
		5A9D976D16FA57710099763E /* fonts in Resources */ = {isa = PBXBuildFile; fileRef = 5A9D976C16FA57710099763E /* fonts */; };
		5A9DC4ED1700DF6F00199E4E /* Default-568h.png in Resources */ = {isa = PBXBuildFile; fileRef = 5A9DC4E01700DF6F00199E4E /* Default-568h.png */; };
		5A9DC4EE1700DF6F00199E4E /* Default-568h@2x.png in Resources */ = {isa = PBXBuildFile; fileRef = 5A9DC4E11700DF6F00199E4E /* Default-568h@2x.png */; };
		5A9DC4EF1700DF6F00199E4E /* Default.png in Resources */ = {isa = PBXBuildFile; fileRef = 5A9DC4E21700DF6F00199E4E /* Default.png */; };
		5A9DC4F01700DF6F00199E4E /* Default@2x.png in Resources */ = {isa = PBXBuildFile; fileRef = 5A9DC4E31700DF6F00199E4E /* Default@2x.png */; };
		5A9DC4F11700DF6F00199E4E /* icon-114.png in Resources */ = {isa = PBXBuildFile; fileRef = 5A9DC4E41700DF6F00199E4E /* icon-114.png */; };
		5A9DC4F21700DF6F00199E4E /* icon-57.png in Resources */ = {isa = PBXBuildFile; fileRef = 5A9DC4E51700DF6F00199E4E /* icon-57.png */; };
		5A9DC4F31700DF6F00199E4E /* Icon-72.png in Resources */ = {isa = PBXBuildFile; fileRef = 5A9DC4E61700DF6F00199E4E /* Icon-72.png */; };
		5A9DC4F41700DF6F00199E4E /* Icon-Small-50.png in Resources */ = {isa = PBXBuildFile; fileRef = 5A9DC4E71700DF6F00199E4E /* Icon-Small-50.png */; };
		5A9DC4F51700DF6F00199E4E /* Icon-Small.png in Resources */ = {isa = PBXBuildFile; fileRef = 5A9DC4E81700DF6F00199E4E /* Icon-Small.png */; };
		5A9DC4F61700DF6F00199E4E /* Icon-Small@2x.png in Resources */ = {isa = PBXBuildFile; fileRef = 5A9DC4E91700DF6F00199E4E /* Icon-Small@2x.png */; };
		5A9DC4F71700DF6F00199E4E /* Icon.png in Resources */ = {isa = PBXBuildFile; fileRef = 5A9DC4EA1700DF6F00199E4E /* Icon.png */; };
		5A9DC4F81700DF6F00199E4E /* Icon@2x.png in Resources */ = {isa = PBXBuildFile; fileRef = 5A9DC4EB1700DF6F00199E4E /* Icon@2x.png */; };
		5A9DC4F91700DF6F00199E4E /* iTunesArtwork.jpg in Resources */ = {isa = PBXBuildFile; fileRef = 5A9DC4EC1700DF6F00199E4E /* iTunesArtwork.jpg */; };
		5AC0067F16EFBF2C0055177B /* Camera.cpp in Sources */ = {isa = PBXBuildFile; fileRef = 5AC0067E16EFBF2C0055177B /* Camera.cpp */; };
		5AE85B1916F69D0400F47648 /* AppDelegate.mm in Sources */ = {isa = PBXBuildFile; fileRef = 5AE85AFF16F69D0400F47648 /* AppDelegate.mm */; };
		5AE85B1A16F69D0400F47648 /* Game.cpp in Sources */ = {isa = PBXBuildFile; fileRef = 5AE85B0016F69D0400F47648 /* Game.cpp */; };
		5AE85B1B16F69D0400F47648 /* GLView.mm in Sources */ = {isa = PBXBuildFile; fileRef = 5AE85B0416F69D0400F47648 /* GLView.mm */; };
		5AE85B1C16F69D0400F47648 /* LensFlare.cpp in Sources */ = {isa = PBXBuildFile; fileRef = 5AE85B0616F69D0400F47648 /* LensFlare.cpp */; };
		5AE85B1D16F69D0400F47648 /* main.m in Sources */ = {isa = PBXBuildFile; fileRef = 5AE85B0816F69D0400F47648 /* main.m */; };
		5AE85B1E16F69D0400F47648 /* Node.cpp in Sources */ = {isa = PBXBuildFile; fileRef = 5AE85B0916F69D0400F47648 /* Node.cpp */; };
		5AE85B1F16F69D0400F47648 /* Node2d.cpp in Sources */ = {isa = PBXBuildFile; fileRef = 5AE85B0B16F69D0400F47648 /* Node2d.cpp */; };
		5AE85B2016F69D0400F47648 /* ObjParser.cpp in Sources */ = {isa = PBXBuildFile; fileRef = 5AE85B0D16F69D0400F47648 /* ObjParser.cpp */; };
		5AE85B2116F69D0400F47648 /* RenderingEngine.cpp in Sources */ = {isa = PBXBuildFile; fileRef = 5AE85B0F16F69D0400F47648 /* RenderingEngine.cpp */; };
		5AE85B2216F69D0400F47648 /* ResourceLoader.mm in Sources */ = {isa = PBXBuildFile; fileRef = 5AE85B1216F69D0400F47648 /* ResourceLoader.mm */; };
		5AE85B2316F69D0400F47648 /* ResourceManager.cpp in Sources */ = {isa = PBXBuildFile; fileRef = 5AE85B1316F69D0400F47648 /* ResourceManager.cpp */; };
		5AE85B2416F69D0400F47648 /* ShaderProgram.cpp in Sources */ = {isa = PBXBuildFile; fileRef = 5AE85B1516F69D0400F47648 /* ShaderProgram.cpp */; };
		5AE85B2816F69D4100F47648 /* Camera.cpp in Sources */ = {isa = PBXBuildFile; fileRef = 5AE85B2616F69D4100F47648 /* Camera.cpp */; };
		5AE85B2B16F6A84300F47648 /* AxisAlignedBox.cpp in Sources */ = {isa = PBXBuildFile; fileRef = 5AE85B2916F6A84300F47648 /* AxisAlignedBox.cpp */; };
		5AE85B2C16F6A84300F47648 /* TriMesh.cpp in Sources */ = {isa = PBXBuildFile; fileRef = 5AE85B2A16F6A84300F47648 /* TriMesh.cpp */; };
/* End PBXBuildFile section */

/* Begin PBXFileReference section */
		1D30AB110D05D00D00671497 /* Foundation.framework */ = {isa = PBXFileReference; lastKnownFileType = wrapper.framework; name = Foundation.framework; path = System/Library/Frameworks/Foundation.framework; sourceTree = SDKROOT; };
		1D6058910D05DD3D006BFB54 /* OpenGLES2.app */ = {isa = PBXFileReference; explicitFileType = wrapper.application; includeInIndex = 0; path = OpenGLES2.app; sourceTree = BUILT_PRODUCTS_DIR; };
		1DF5F4DF0D08C38300B7A737 /* UIKit.framework */ = {isa = PBXFileReference; lastKnownFileType = wrapper.framework; name = UIKit.framework; path = System/Library/Frameworks/UIKit.framework; sourceTree = SDKROOT; };
		288765FC0DF74451002DB57D /* CoreGraphics.framework */ = {isa = PBXFileReference; lastKnownFileType = wrapper.framework; name = CoreGraphics.framework; path = System/Library/Frameworks/CoreGraphics.framework; sourceTree = SDKROOT; };
		4D27E4830F9AD71900447247 /* OpenGLES.framework */ = {isa = PBXFileReference; lastKnownFileType = wrapper.framework; name = OpenGLES.framework; path = System/Library/Frameworks/OpenGLES.framework; sourceTree = SDKROOT; };
		4D27E4B40F9AD7D600447247 /* QuartzCore.framework */ = {isa = PBXFileReference; lastKnownFileType = wrapper.framework; name = QuartzCore.framework; path = System/Library/Frameworks/QuartzCore.framework; sourceTree = SDKROOT; };
		5A0BCFD516F17DB100E6FA13 /* AudioToolbox.framework */ = {isa = PBXFileReference; lastKnownFileType = wrapper.framework; name = AudioToolbox.framework; path = System/Library/Frameworks/AudioToolbox.framework; sourceTree = SDKROOT; };
		5A0BCFD716F17DB100E6FA13 /* CoreVideo.framework */ = {isa = PBXFileReference; lastKnownFileType = wrapper.framework; name = CoreVideo.framework; path = System/Library/Frameworks/CoreVideo.framework; sourceTree = SDKROOT; };
		5A0BCFD916F17DB100E6FA13 /* AVFoundation.framework */ = {isa = PBXFileReference; lastKnownFileType = wrapper.framework; name = AVFoundation.framework; path = System/Library/Frameworks/AVFoundation.framework; sourceTree = SDKROOT; };
		5A0BCFDB16F17DB100E6FA13 /* CoreMedia.framework */ = {isa = PBXFileReference; lastKnownFileType = wrapper.framework; name = CoreMedia.framework; path = System/Library/Frameworks/CoreMedia.framework; sourceTree = SDKROOT; };
		5A0BCFDD16F17DB100E6FA13 /* CoreText.framework */ = {isa = PBXFileReference; lastKnownFileType = wrapper.framework; name = CoreText.framework; path = System/Library/Frameworks/CoreText.framework; sourceTree = SDKROOT; };
		5A21220616EFB39C001BF08B /* models */ = {isa = PBXFileReference; lastKnownFileType = folder; name = models; path = Resources/models; sourceTree = "<group>"; };
		5A21220716EFB39C001BF08B /* shaders */ = {isa = PBXFileReference; lastKnownFileType = folder; name = shaders; path = Resources/shaders; sourceTree = "<group>"; };
		5A21220816EFB39C001BF08B /* textures */ = {isa = PBXFileReference; lastKnownFileType = folder; name = textures; path = Resources/textures; sourceTree = "<group>"; };
		5A21224316EFB4E6001BF08B /* include */ = {isa = PBXFileReference; lastKnownFileType = folder; name = include; path = Cinder/include; sourceTree = "<group>"; };
		5A27CAC5171210B40028DF13 /* boost.framework */ = {isa = PBXFileReference; lastKnownFileType = wrapper.framework; name = boost.framework; path = "../boost-ios/Dist/boost.framework"; sourceTree = "<group>"; };
		5A27CAC7171219100028DF13 /* Text.cpp */ = {isa = PBXFileReference; fileEncoding = 4; lastKnownFileType = sourcecode.cpp.cpp; path = Text.cpp; sourceTree = "<group>"; };
		5A27CAC8171219100028DF13 /* Text.h */ = {isa = PBXFileReference; fileEncoding = 4; lastKnownFileType = sourcecode.c.h; path = Text.h; sourceTree = "<group>"; };
		5A27CACA171237D10028DF13 /* Resources.cpp */ = {isa = PBXFileReference; fileEncoding = 4; lastKnownFileType = sourcecode.cpp.cpp; path = Resources.cpp; sourceTree = "<group>"; };
		5A27CACB171237D10028DF13 /* Resources.h */ = {isa = PBXFileReference; fileEncoding = 4; lastKnownFileType = sourcecode.c.h; path = Resources.h; sourceTree = "<group>"; };
		5A3E6219180B243900214718 /* ParticleSystem.cpp */ = {isa = PBXFileReference; fileEncoding = 4; lastKnownFileType = sourcecode.cpp.cpp; path = ParticleSystem.cpp; sourceTree = "<group>"; };
		5A3E621A180B243900214718 /* ParticleSystem.h */ = {isa = PBXFileReference; fileEncoding = 4; lastKnownFileType = sourcecode.c.h; path = ParticleSystem.h; sourceTree = "<group>"; };
		5A3E621C180B4DB900214718 /* Projectile.cpp */ = {isa = PBXFileReference; fileEncoding = 4; lastKnownFileType = sourcecode.cpp.cpp; path = Projectile.cpp; sourceTree = "<group>"; };
		5A3E621D180B4DB900214718 /* Projectile.h */ = {isa = PBXFileReference; fileEncoding = 4; lastKnownFileType = sourcecode.c.h; path = Projectile.h; sourceTree = "<group>"; };
		5A58E78E16F6463200AA4635 /* Rect.cpp */ = {isa = PBXFileReference; fileEncoding = 4; lastKnownFileType = sourcecode.cpp.cpp; name = Rect.cpp; path = Cinder/src/cinder/Rect.cpp; sourceTree = "<group>"; };
		5A58E79016F6464300AA4635 /* Area.cpp */ = {isa = PBXFileReference; fileEncoding = 4; lastKnownFileType = sourcecode.cpp.cpp; name = Area.cpp; path = Cinder/src/cinder/Area.cpp; sourceTree = "<group>"; };
		5A5DBEFC17A5CAB300DB031C /* CameraController.cpp */ = {isa = PBXFileReference; fileEncoding = 4; lastKnownFileType = sourcecode.cpp.cpp; path = CameraController.cpp; sourceTree = "<group>"; };
		5A5DBEFD17A5CAB300DB031C /* CameraController.h */ = {isa = PBXFileReference; fileEncoding = 4; lastKnownFileType = sourcecode.c.h; path = CameraController.h; sourceTree = "<group>"; };
		5A62F34F17A5F9620050B91A /* Material.cpp */ = {isa = PBXFileReference; fileEncoding = 4; lastKnownFileType = sourcecode.cpp.cpp; path = Material.cpp; sourceTree = "<group>"; };
		5A62F35017A5F9620050B91A /* Material.h */ = {isa = PBXFileReference; fileEncoding = 4; lastKnownFileType = sourcecode.c.h; path = Material.h; sourceTree = "<group>"; };
		5A9B879616F89E4F000B53BF /* ObjectController.cpp */ = {isa = PBXFileReference; fileEncoding = 4; lastKnownFileType = sourcecode.cpp.cpp; path = ObjectController.cpp; sourceTree = "<group>"; };
		5A9B879716F89E4F000B53BF /* ObjectController.h */ = {isa = PBXFileReference; fileEncoding = 4; lastKnownFileType = sourcecode.c.h; path = ObjectController.h; sourceTree = "<group>"; };
		5A9D974416F96BB60099763E /* LifeMeter.cpp */ = {isa = PBXFileReference; fileEncoding = 4; lastKnownFileType = sourcecode.cpp.cpp; path = LifeMeter.cpp; sourceTree = "<group>"; };
		5A9D974516F96BB60099763E /* LifeMeter.h */ = {isa = PBXFileReference; fileEncoding = 4; lastKnownFileType = sourcecode.c.h; path = LifeMeter.h; sourceTree = "<group>"; };
		5A9D976C16FA57710099763E /* fonts */ = {isa = PBXFileReference; lastKnownFileType = folder; name = fonts; path = Resources/fonts; sourceTree = "<group>"; };
		5A9DC4E01700DF6F00199E4E /* Default-568h.png */ = {isa = PBXFileReference; lastKnownFileType = image.png; path = "Default-568h.png"; sourceTree = "<group>"; };
		5A9DC4E11700DF6F00199E4E /* Default-568h@2x.png */ = {isa = PBXFileReference; lastKnownFileType = image.png; path = "Default-568h@2x.png"; sourceTree = "<group>"; };
		5A9DC4E21700DF6F00199E4E /* Default.png */ = {isa = PBXFileReference; lastKnownFileType = image.png; path = Default.png; sourceTree = "<group>"; };
		5A9DC4E31700DF6F00199E4E /* Default@2x.png */ = {isa = PBXFileReference; lastKnownFileType = image.png; path = "Default@2x.png"; sourceTree = "<group>"; };
		5A9DC4E41700DF6F00199E4E /* icon-114.png */ = {isa = PBXFileReference; lastKnownFileType = image.png; path = "icon-114.png"; sourceTree = "<group>"; };
		5A9DC4E51700DF6F00199E4E /* icon-57.png */ = {isa = PBXFileReference; lastKnownFileType = image.png; path = "icon-57.png"; sourceTree = "<group>"; };
		5A9DC4E61700DF6F00199E4E /* Icon-72.png */ = {isa = PBXFileReference; lastKnownFileType = image.png; path = "Icon-72.png"; sourceTree = "<group>"; };
		5A9DC4E71700DF6F00199E4E /* Icon-Small-50.png */ = {isa = PBXFileReference; lastKnownFileType = image.png; path = "Icon-Small-50.png"; sourceTree = "<group>"; };
		5A9DC4E81700DF6F00199E4E /* Icon-Small.png */ = {isa = PBXFileReference; lastKnownFileType = image.png; path = "Icon-Small.png"; sourceTree = "<group>"; };
		5A9DC4E91700DF6F00199E4E /* Icon-Small@2x.png */ = {isa = PBXFileReference; lastKnownFileType = image.png; path = "Icon-Small@2x.png"; sourceTree = "<group>"; };
		5A9DC4EA1700DF6F00199E4E /* Icon.png */ = {isa = PBXFileReference; lastKnownFileType = image.png; path = Icon.png; sourceTree = "<group>"; };
		5A9DC4EB1700DF6F00199E4E /* Icon@2x.png */ = {isa = PBXFileReference; lastKnownFileType = image.png; path = "Icon@2x.png"; sourceTree = "<group>"; };
		5A9DC4EC1700DF6F00199E4E /* iTunesArtwork.jpg */ = {isa = PBXFileReference; lastKnownFileType = image.jpeg; path = iTunesArtwork.jpg; sourceTree = "<group>"; };
		5AC0067E16EFBF2C0055177B /* Camera.cpp */ = {isa = PBXFileReference; fileEncoding = 4; lastKnownFileType = sourcecode.cpp.cpp; name = Camera.cpp; path = Cinder/src/cinder/Camera.cpp; sourceTree = "<group>"; };
		5AE85AFE16F69D0400F47648 /* AppDelegate.h */ = {isa = PBXFileReference; fileEncoding = 4; lastKnownFileType = sourcecode.c.h; path = AppDelegate.h; sourceTree = "<group>"; };
		5AE85AFF16F69D0400F47648 /* AppDelegate.mm */ = {isa = PBXFileReference; fileEncoding = 4; lastKnownFileType = sourcecode.cpp.objcpp; path = AppDelegate.mm; sourceTree = "<group>"; };
		5AE85B0016F69D0400F47648 /* Game.cpp */ = {isa = PBXFileReference; fileEncoding = 4; lastKnownFileType = sourcecode.cpp.cpp; path = Game.cpp; sourceTree = "<group>"; };
		5AE85B0116F69D0400F47648 /* Game.h */ = {isa = PBXFileReference; fileEncoding = 4; lastKnownFileType = sourcecode.c.h; path = Game.h; sourceTree = "<group>"; };
		5AE85B0216F69D0400F47648 /* GameConstants.h */ = {isa = PBXFileReference; fileEncoding = 4; lastKnownFileType = sourcecode.c.h; path = GameConstants.h; sourceTree = "<group>"; };
		5AE85B0316F69D0400F47648 /* GLView.h */ = {isa = PBXFileReference; fileEncoding = 4; lastKnownFileType = sourcecode.c.h; path = GLView.h; sourceTree = "<group>"; };
		5AE85B0416F69D0400F47648 /* GLView.mm */ = {isa = PBXFileReference; fileEncoding = 4; lastKnownFileType = sourcecode.cpp.objcpp; path = GLView.mm; sourceTree = "<group>"; };
		5AE85B0516F69D0400F47648 /* ISurface.h */ = {isa = PBXFileReference; fileEncoding = 4; lastKnownFileType = sourcecode.c.h; path = ISurface.h; sourceTree = "<group>"; };
		5AE85B0616F69D0400F47648 /* LensFlare.cpp */ = {isa = PBXFileReference; fileEncoding = 4; lastKnownFileType = sourcecode.cpp.cpp; path = LensFlare.cpp; sourceTree = "<group>"; };
		5AE85B0716F69D0400F47648 /* LensFlare.h */ = {isa = PBXFileReference; fileEncoding = 4; lastKnownFileType = sourcecode.c.h; path = LensFlare.h; sourceTree = "<group>"; };
		5AE85B0816F69D0400F47648 /* main.m */ = {isa = PBXFileReference; fileEncoding = 4; lastKnownFileType = sourcecode.c.objc; path = main.m; sourceTree = "<group>"; };
		5AE85B0916F69D0400F47648 /* Node.cpp */ = {isa = PBXFileReference; fileEncoding = 4; lastKnownFileType = sourcecode.cpp.cpp; path = Node.cpp; sourceTree = "<group>"; };
		5AE85B0A16F69D0400F47648 /* Node.h */ = {isa = PBXFileReference; fileEncoding = 4; lastKnownFileType = sourcecode.c.h; path = Node.h; sourceTree = "<group>"; };
		5AE85B0B16F69D0400F47648 /* Node2d.cpp */ = {isa = PBXFileReference; fileEncoding = 4; lastKnownFileType = sourcecode.cpp.cpp; path = Node2d.cpp; sourceTree = "<group>"; };
		5AE85B0C16F69D0400F47648 /* Node2d.h */ = {isa = PBXFileReference; fileEncoding = 4; lastKnownFileType = sourcecode.c.h; path = Node2d.h; sourceTree = "<group>"; };
		5AE85B0D16F69D0400F47648 /* ObjParser.cpp */ = {isa = PBXFileReference; fileEncoding = 4; lastKnownFileType = sourcecode.cpp.cpp; path = ObjParser.cpp; sourceTree = "<group>"; };
		5AE85B0E16F69D0400F47648 /* ObjParser.h */ = {isa = PBXFileReference; fileEncoding = 4; lastKnownFileType = sourcecode.c.h; path = ObjParser.h; sourceTree = "<group>"; };
		5AE85B0F16F69D0400F47648 /* RenderingEngine.cpp */ = {isa = PBXFileReference; fileEncoding = 4; lastKnownFileType = sourcecode.cpp.cpp; path = RenderingEngine.cpp; sourceTree = "<group>"; };
		5AE85B1016F69D0400F47648 /* RenderingEngine.h */ = {isa = PBXFileReference; fileEncoding = 4; lastKnownFileType = sourcecode.c.h; path = RenderingEngine.h; sourceTree = "<group>"; };
		5AE85B1116F69D0400F47648 /* ResourceLoader.h */ = {isa = PBXFileReference; fileEncoding = 4; lastKnownFileType = sourcecode.c.h; path = ResourceLoader.h; sourceTree = "<group>"; };
		5AE85B1216F69D0400F47648 /* ResourceLoader.mm */ = {isa = PBXFileReference; fileEncoding = 4; lastKnownFileType = sourcecode.cpp.objcpp; path = ResourceLoader.mm; sourceTree = "<group>"; };
		5AE85B1316F69D0400F47648 /* ResourceManager.cpp */ = {isa = PBXFileReference; fileEncoding = 4; lastKnownFileType = sourcecode.cpp.cpp; path = ResourceManager.cpp; sourceTree = "<group>"; };
		5AE85B1416F69D0400F47648 /* ResourceManager.h */ = {isa = PBXFileReference; fileEncoding = 4; lastKnownFileType = sourcecode.c.h; path = ResourceManager.h; sourceTree = "<group>"; };
		5AE85B1516F69D0400F47648 /* ShaderProgram.cpp */ = {isa = PBXFileReference; fileEncoding = 4; lastKnownFileType = sourcecode.cpp.cpp; path = ShaderProgram.cpp; sourceTree = "<group>"; };
		5AE85B1616F69D0400F47648 /* ShaderProgram.h */ = {isa = PBXFileReference; fileEncoding = 4; lastKnownFileType = sourcecode.c.h; path = ShaderProgram.h; sourceTree = "<group>"; };
		5AE85B1716F69D0400F47648 /* TouchInput.cpp */ = {isa = PBXFileReference; fileEncoding = 4; lastKnownFileType = sourcecode.cpp.cpp; path = TouchInput.cpp; sourceTree = "<group>"; };
		5AE85B1816F69D0400F47648 /* TouchInput.h */ = {isa = PBXFileReference; fileEncoding = 4; lastKnownFileType = sourcecode.c.h; path = TouchInput.h; sourceTree = "<group>"; };
		5AE85B2616F69D4100F47648 /* Camera.cpp */ = {isa = PBXFileReference; fileEncoding = 4; lastKnownFileType = sourcecode.cpp.cpp; path = Camera.cpp; sourceTree = "<group>"; };
		5AE85B2716F69D4100F47648 /* Camera.h */ = {isa = PBXFileReference; fileEncoding = 4; lastKnownFileType = sourcecode.c.h; path = Camera.h; sourceTree = "<group>"; };
		5AE85B2916F6A84300F47648 /* AxisAlignedBox.cpp */ = {isa = PBXFileReference; fileEncoding = 4; lastKnownFileType = sourcecode.cpp.cpp; name = AxisAlignedBox.cpp; path = Cinder/src/cinder/AxisAlignedBox.cpp; sourceTree = "<group>"; };
		5AE85B2A16F6A84300F47648 /* TriMesh.cpp */ = {isa = PBXFileReference; fileEncoding = 4; lastKnownFileType = sourcecode.cpp.cpp; name = TriMesh.cpp; path = Cinder/src/cinder/TriMesh.cpp; sourceTree = "<group>"; };
/* End PBXFileReference section */

/* Begin PBXFrameworksBuildPhase section */
		1D60588F0D05DD3D006BFB54 /* Frameworks */ = {
			isa = PBXFrameworksBuildPhase;
			buildActionMask = 2147483647;
			files = (
				1D60589F0D05DD5A006BFB54 /* Foundation.framework in Frameworks */,
				1DF5F4E00D08C38300B7A737 /* UIKit.framework in Frameworks */,
				288765FD0DF74451002DB57D /* CoreGraphics.framework in Frameworks */,
				4D27E4840F9AD71900447247 /* OpenGLES.framework in Frameworks */,
				4D27E4B50F9AD7D600447247 /* QuartzCore.framework in Frameworks */,
				5A27CAC6171210B40028DF13 /* boost.framework in Frameworks */,
			);
			runOnlyForDeploymentPostprocessing = 0;
		};
/* End PBXFrameworksBuildPhase section */

/* Begin PBXGroup section */
		19C28FACFE9D520D11CA2CBB /* Products */ = {
			isa = PBXGroup;
			children = (
				1D6058910D05DD3D006BFB54 /* OpenGLES2.app */,
			);
			name = Products;
			sourceTree = "<group>";
		};
		29B97314FDCFA39411CA2CEA /* CustomTemplate */ = {
			isa = PBXGroup;
			children = (
				5A21224216EFB4DF001BF08B /* Cinder */,
				5A21222816EFB469001BF08B /* Source */,
				5A2121FD16EFB387001BF08B /* Resources */,
				29B97323FDCFA39411CA2CEA /* Frameworks */,
				19C28FACFE9D520D11CA2CBB /* Products */,
			);
			name = CustomTemplate;
			sourceTree = "<group>";
		};
		29B97323FDCFA39411CA2CEA /* Frameworks */ = {
			isa = PBXGroup;
			children = (
				5A27CAC5171210B40028DF13 /* boost.framework */,
				4D27E4B40F9AD7D600447247 /* QuartzCore.framework */,
				4D27E4830F9AD71900447247 /* OpenGLES.framework */,
				1DF5F4DF0D08C38300B7A737 /* UIKit.framework */,
				1D30AB110D05D00D00671497 /* Foundation.framework */,
				288765FC0DF74451002DB57D /* CoreGraphics.framework */,
				5A0BCFD516F17DB100E6FA13 /* AudioToolbox.framework */,
				5A0BCFD716F17DB100E6FA13 /* CoreVideo.framework */,
				5A0BCFD916F17DB100E6FA13 /* AVFoundation.framework */,
				5A0BCFDB16F17DB100E6FA13 /* CoreMedia.framework */,
				5A0BCFDD16F17DB100E6FA13 /* CoreText.framework */,
			);
			name = Frameworks;
			sourceTree = "<group>";
		};
		5A2121FD16EFB387001BF08B /* Resources */ = {
			isa = PBXGroup;
			children = (
				5A9DC4DF1700DF6F00199E4E /* app */,
				5A9D976C16FA57710099763E /* fonts */,
				5A21220616EFB39C001BF08B /* models */,
				5A21220716EFB39C001BF08B /* shaders */,
				5A21220816EFB39C001BF08B /* textures */,
			);
			name = Resources;
			sourceTree = "<group>";
		};
		5A21222816EFB469001BF08B /* Source */ = {
			isa = PBXGroup;
			children = (
				5AE85B0816F69D0400F47648 /* main.m */,
				5AE85AFE16F69D0400F47648 /* AppDelegate.h */,
				5AE85AFF16F69D0400F47648 /* AppDelegate.mm */,
				5A5DBEFC17A5CAB300DB031C /* CameraController.cpp */,
				5A5DBEFD17A5CAB300DB031C /* CameraController.h */,
				5AE85B2616F69D4100F47648 /* Camera.cpp */,
				5AE85B2716F69D4100F47648 /* Camera.h */,
				5AE85B0116F69D0400F47648 /* Game.h */,
				5AE85B0016F69D0400F47648 /* Game.cpp */,
				5AE85B0216F69D0400F47648 /* GameConstants.h */,
				5AE85B0316F69D0400F47648 /* GLView.h */,
				5AE85B0416F69D0400F47648 /* GLView.mm */,
				5AE85B0516F69D0400F47648 /* ISurface.h */,
				5AE85B0616F69D0400F47648 /* LensFlare.cpp */,
				5AE85B0716F69D0400F47648 /* LensFlare.h */,
				5AE85B0916F69D0400F47648 /* Node.cpp */,
				5AE85B0A16F69D0400F47648 /* Node.h */,
				5AE85B0B16F69D0400F47648 /* Node2d.cpp */,
				5AE85B0C16F69D0400F47648 /* Node2d.h */,
				5A62F34F17A5F9620050B91A /* Material.cpp */,
				5A62F35017A5F9620050B91A /* Material.h */,
				5AE85B0D16F69D0400F47648 /* ObjParser.cpp */,
				5AE85B0E16F69D0400F47648 /* ObjParser.h */,
				5AE85B0F16F69D0400F47648 /* RenderingEngine.cpp */,
				5AE85B1016F69D0400F47648 /* RenderingEngine.h */,
				5AE85B1116F69D0400F47648 /* ResourceLoader.h */,
				5AE85B1216F69D0400F47648 /* ResourceLoader.mm */,
				5AE85B1316F69D0400F47648 /* ResourceManager.cpp */,
				5AE85B1416F69D0400F47648 /* ResourceManager.h */,
				5AE85B1516F69D0400F47648 /* ShaderProgram.cpp */,
				5AE85B1616F69D0400F47648 /* ShaderProgram.h */,
				5AE85B1716F69D0400F47648 /* TouchInput.cpp */,
				5AE85B1816F69D0400F47648 /* TouchInput.h */,
				5A9B879616F89E4F000B53BF /* ObjectController.cpp */,
				5A9B879716F89E4F000B53BF /* ObjectController.h */,
				5A9D974416F96BB60099763E /* LifeMeter.cpp */,
				5A9D974516F96BB60099763E /* LifeMeter.h */,
				5A27CAC7171219100028DF13 /* Text.cpp */,
				5A27CAC8171219100028DF13 /* Text.h */,
				5A27CACA171237D10028DF13 /* Resources.cpp */,
				5A27CACB171237D10028DF13 /* Resources.h */,
				5A3E6219180B243900214718 /* ParticleSystem.cpp */,
				5A3E621A180B243900214718 /* ParticleSystem.h */,
				5A3E621C180B4DB900214718 /* Projectile.cpp */,
				5A3E621D180B4DB900214718 /* Projectile.h */,
			);
			path = Source;
			sourceTree = "<group>";
		};
		5A21224216EFB4DF001BF08B /* Cinder */ = {
			isa = PBXGroup;
			children = (
				5AC0067C16EFBF200055177B /* src */,
				5A21224316EFB4E6001BF08B /* include */,
			);
			name = Cinder;
			sourceTree = "<group>";
		};
		5A9DC4DF1700DF6F00199E4E /* app */ = {
			isa = PBXGroup;
			children = (
				5A9DC4E01700DF6F00199E4E /* Default-568h.png */,
				5A9DC4E11700DF6F00199E4E /* Default-568h@2x.png */,
				5A9DC4E21700DF6F00199E4E /* Default.png */,
				5A9DC4E31700DF6F00199E4E /* Default@2x.png */,
				5A9DC4E41700DF6F00199E4E /* icon-114.png */,
				5A9DC4E51700DF6F00199E4E /* icon-57.png */,
				5A9DC4E61700DF6F00199E4E /* Icon-72.png */,
				5A9DC4E71700DF6F00199E4E /* Icon-Small-50.png */,
				5A9DC4E81700DF6F00199E4E /* Icon-Small.png */,
				5A9DC4E91700DF6F00199E4E /* Icon-Small@2x.png */,
				5A9DC4EA1700DF6F00199E4E /* Icon.png */,
				5A9DC4EB1700DF6F00199E4E /* Icon@2x.png */,
				5A9DC4EC1700DF6F00199E4E /* iTunesArtwork.jpg */,
			);
			name = app;
			path = Resources/app;
			sourceTree = "<group>";
		};
		5AC0067C16EFBF200055177B /* src */ = {
			isa = PBXGroup;
			children = (
				5AC0067D16EFBF260055177B /* cinder */,
			);
			name = src;
			sourceTree = "<group>";
		};
		5AC0067D16EFBF260055177B /* cinder */ = {
			isa = PBXGroup;
			children = (
				5A58E79016F6464300AA4635 /* Area.cpp */,
				5A58E78E16F6463200AA4635 /* Rect.cpp */,
				5AC0067E16EFBF2C0055177B /* Camera.cpp */,
				5AE85B2916F6A84300F47648 /* AxisAlignedBox.cpp */,
				5AE85B2A16F6A84300F47648 /* TriMesh.cpp */,
			);
			name = cinder;
			sourceTree = "<group>";
		};
/* End PBXGroup section */

/* Begin PBXNativeTarget section */
		1D6058900D05DD3D006BFB54 /* OpenGLES2 */ = {
			isa = PBXNativeTarget;
			buildConfigurationList = 1D6058960D05DD3E006BFB54 /* Build configuration list for PBXNativeTarget "OpenGLES2" */;
			buildPhases = (
				1D60588D0D05DD3D006BFB54 /* Resources */,
				1D60588E0D05DD3D006BFB54 /* Sources */,
				1D60588F0D05DD3D006BFB54 /* Frameworks */,
			);
			buildRules = (
			);
			dependencies = (
			);
			name = OpenGLES2;
			productName = ObjViewer;
			productReference = 1D6058910D05DD3D006BFB54 /* OpenGLES2.app */;
			productType = "com.apple.product-type.application";
		};
/* End PBXNativeTarget section */

/* Begin PBXProject section */
		29B97313FDCFA39411CA2CEA /* Project object */ = {
			isa = PBXProject;
			attributes = {
			};
			buildConfigurationList = C01FCF4E08A954540054247B /* Build configuration list for PBXProject "OpenGLES2" */;
			compatibilityVersion = "Xcode 3.1";
			developmentRegion = English;
			hasScannedForEncodings = 1;
			knownRegions = (
				en,
			);
			mainGroup = 29B97314FDCFA39411CA2CEA /* CustomTemplate */;
			projectDirPath = "";
			projectRoot = "";
			targets = (
				1D6058900D05DD3D006BFB54 /* OpenGLES2 */,
			);
		};
/* End PBXProject section */

/* Begin PBXResourcesBuildPhase section */
		1D60588D0D05DD3D006BFB54 /* Resources */ = {
			isa = PBXResourcesBuildPhase;
			buildActionMask = 2147483647;
			files = (
				5A21220916EFB39C001BF08B /* models in Resources */,
				5A21220A16EFB39C001BF08B /* shaders in Resources */,
				5A21220B16EFB39C001BF08B /* textures in Resources */,
				5A21224416EFB4E6001BF08B /* include in Resources */,
				5A9D976D16FA57710099763E /* fonts in Resources */,
				5A9DC4ED1700DF6F00199E4E /* Default-568h.png in Resources */,
				5A9DC4EE1700DF6F00199E4E /* Default-568h@2x.png in Resources */,
				5A9DC4EF1700DF6F00199E4E /* Default.png in Resources */,
				5A9DC4F01700DF6F00199E4E /* Default@2x.png in Resources */,
				5A9DC4F11700DF6F00199E4E /* icon-114.png in Resources */,
				5A9DC4F21700DF6F00199E4E /* icon-57.png in Resources */,
				5A9DC4F31700DF6F00199E4E /* Icon-72.png in Resources */,
				5A9DC4F41700DF6F00199E4E /* Icon-Small-50.png in Resources */,
				5A9DC4F51700DF6F00199E4E /* Icon-Small.png in Resources */,
				5A9DC4F61700DF6F00199E4E /* Icon-Small@2x.png in Resources */,
				5A9DC4F71700DF6F00199E4E /* Icon.png in Resources */,
				5A9DC4F81700DF6F00199E4E /* Icon@2x.png in Resources */,
				5A9DC4F91700DF6F00199E4E /* iTunesArtwork.jpg in Resources */,
			);
			runOnlyForDeploymentPostprocessing = 0;
		};
/* End PBXResourcesBuildPhase section */

/* Begin PBXSourcesBuildPhase section */
		1D60588E0D05DD3D006BFB54 /* Sources */ = {
			isa = PBXSourcesBuildPhase;
			buildActionMask = 2147483647;
			files = (
				5AC0067F16EFBF2C0055177B /* Camera.cpp in Sources */,
				5A58E78F16F6463200AA4635 /* Rect.cpp in Sources */,
				5A58E79116F6464300AA4635 /* Area.cpp in Sources */,
				5AE85B1916F69D0400F47648 /* AppDelegate.mm in Sources */,
				5AE85B1A16F69D0400F47648 /* Game.cpp in Sources */,
				5AE85B1B16F69D0400F47648 /* GLView.mm in Sources */,
				5AE85B1C16F69D0400F47648 /* LensFlare.cpp in Sources */,
				5AE85B1D16F69D0400F47648 /* main.m in Sources */,
				5AE85B1E16F69D0400F47648 /* Node.cpp in Sources */,
				5AE85B1F16F69D0400F47648 /* Node2d.cpp in Sources */,
				5AE85B2016F69D0400F47648 /* ObjParser.cpp in Sources */,
				5AE85B2116F69D0400F47648 /* RenderingEngine.cpp in Sources */,
				5A3E621B180B243900214718 /* ParticleSystem.cpp in Sources */,
				5AE85B2216F69D0400F47648 /* ResourceLoader.mm in Sources */,
				5A3E621E180B4DB900214718 /* Projectile.cpp in Sources */,
				5AE85B2316F69D0400F47648 /* ResourceManager.cpp in Sources */,
				5AE85B2416F69D0400F47648 /* ShaderProgram.cpp in Sources */,
				5AE85B2816F69D4100F47648 /* Camera.cpp in Sources */,
				5AE85B2B16F6A84300F47648 /* AxisAlignedBox.cpp in Sources */,
				5AE85B2C16F6A84300F47648 /* TriMesh.cpp in Sources */,
				5A9B879816F89E4F000B53BF /* ObjectController.cpp in Sources */,
				5A9D974616F96BB60099763E /* LifeMeter.cpp in Sources */,
				5A27CAC9171219100028DF13 /* Text.cpp in Sources */,
				5A27CACC171237D10028DF13 /* Resources.cpp in Sources */,
				5A5DBEFF17A5CBCB00DB031C /* TouchInput.cpp in Sources */,
				5A5DBF0017A5CC0F00DB031C /* CameraController.cpp in Sources */,
				5A62F35217A5F9620050B91A /* Material.cpp in Sources */,
			);
			runOnlyForDeploymentPostprocessing = 0;
		};
/* End PBXSourcesBuildPhase section */

/* Begin XCBuildConfiguration section */
		1D6058940D05DD3E006BFB54 /* Debug */ = {
			isa = XCBuildConfiguration;
			buildSettings = {
				ALWAYS_SEARCH_USER_PATHS = YES;
				CODE_SIGN_IDENTITY = "iPhone Developer: Patrick LYNCH (MVESW3V6MQ)";
				"CODE_SIGN_IDENTITY[sdk=iphoneos*]" = "iPhone Developer: Patrick LYNCH (MVESW3V6MQ)";
				COPY_PHASE_STRIP = NO;
				FRAMEWORK_SEARCH_PATHS = (
					"$(inherited)",
					"\"$(SRCROOT)/../boost-ios/Dist\"",
				);
				GCC_DYNAMIC_NO_PIC = NO;
				GCC_OPTIMIZATION_LEVEL = 0;
				GCC_PRECOMPILE_PREFIX_HEADER = YES;
				GCC_VERSION = "";
				HEADER_SEARCH_PATHS = (
					Cinder/include/,
					../cinder/boost/,
					../freetype/include,
				);
				INFOPLIST_FILE = Info.plist;
				IPHONEOS_DEPLOYMENT_TARGET = 5.0;
				LIBRARY_SEARCH_PATHS = (
					"$(inherited)",
					"\"$(SRCROOT)/../freetype/lib\"",
					"\"$(SRCROOT)/../../Library/Developer/Xcode/DerivedData/freetype2-fdyfojbzdbasmxbevtnrpljkkwcs/Build/Products/Debug-iphoneos\"",
					"\"$(SRCROOT)/../freetype\"",
				);
				PRODUCT_NAME = OpenGLES2;
				PROVISIONING_PROFILE = "BF90B7E8-9C33-43A5-A72E-60DDE15FFDA6";
				"PROVISIONING_PROFILE[sdk=iphoneos*]" = "BF90B7E8-9C33-43A5-A72E-60DDE15FFDA6";
				SDKROOT = iphoneos;
				TARGETED_DEVICE_FAMILY = "1,2";
				USER_HEADER_SEARCH_PATHS = ../SmartValues/SmartValues/;
			};
			name = Debug;
		};
		1D6058950D05DD3E006BFB54 /* Release */ = {
			isa = XCBuildConfiguration;
			buildSettings = {
				ALWAYS_SEARCH_USER_PATHS = YES;
				CODE_SIGN_IDENTITY = "iPhone Developer: Patrick LYNCH (MVESW3V6MQ)";
				COPY_PHASE_STRIP = YES;
				FRAMEWORK_SEARCH_PATHS = (
					"$(inherited)",
					"\"$(SRCROOT)/../boost-ios/Dist\"",
				);
				GCC_PRECOMPILE_PREFIX_HEADER = YES;
				GCC_VERSION = "";
				HEADER_SEARCH_PATHS = (
					Cinder/include/,
					../cinder/boost/,
					../freetype/include,
				);
				INFOPLIST_FILE = Info.plist;
				IPHONEOS_DEPLOYMENT_TARGET = 5.0;
				LIBRARY_SEARCH_PATHS = (
					"$(inherited)",
					"\"$(SRCROOT)/../freetype/lib\"",
					"\"$(SRCROOT)/../../Library/Developer/Xcode/DerivedData/freetype2-fdyfojbzdbasmxbevtnrpljkkwcs/Build/Products/Debug-iphoneos\"",
					"\"$(SRCROOT)/../freetype\"",
				);
				PRODUCT_NAME = OpenGLES2;
				PROVISIONING_PROFILE = "BF90B7E8-9C33-43A5-A72E-60DDE15FFDA6";
				SDKROOT = iphoneos;
				TARGETED_DEVICE_FAMILY = "1,2";
				USER_HEADER_SEARCH_PATHS = ../SmartValues/SmartValues/;
			};
			name = Release;
		};
		C01FCF4F08A954540054247B /* Debug */ = {
			isa = XCBuildConfiguration;
			buildSettings = {
				ARCHS = "$(ARCHS_STANDARD_32_BIT)";
				"CODE_SIGN_IDENTITY[sdk=iphoneos*]" = "iPhone Developer";
				GCC_C_LANGUAGE_STANDARD = c99;
				GCC_WARN_ABOUT_RETURN_TYPE = YES;
				GCC_WARN_UNUSED_VARIABLE = YES;
				HEADER_SEARCH_PATHS = "";
				ONLY_ACTIVE_ARCH = YES;
				PREBINDING = NO;
				SDKROOT = iphoneos3.1;
				USER_HEADER_SEARCH_PATHS = "";
			};
			name = Debug;
		};
		C01FCF5008A954540054247B /* Release */ = {
			isa = XCBuildConfiguration;
			buildSettings = {
				ARCHS = "$(ARCHS_STANDARD_32_BIT)";
				"CODE_SIGN_IDENTITY[sdk=iphoneos*]" = "iPhone Developer";
				GCC_C_LANGUAGE_STANDARD = c99;
				GCC_WARN_ABOUT_RETURN_TYPE = YES;
				GCC_WARN_UNUSED_VARIABLE = YES;
				HEADER_SEARCH_PATHS = "";
				PREBINDING = NO;
				SDKROOT = iphoneos3.1;
				USER_HEADER_SEARCH_PATHS = "";
			};
			name = Release;
		};
/* End XCBuildConfiguration section */

/* Begin XCConfigurationList section */
		1D6058960D05DD3E006BFB54 /* Build configuration list for PBXNativeTarget "OpenGLES2" */ = {
			isa = XCConfigurationList;
			buildConfigurations = (
				1D6058940D05DD3E006BFB54 /* Debug */,
				1D6058950D05DD3E006BFB54 /* Release */,
			);
			defaultConfigurationIsVisible = 0;
			defaultConfigurationName = Release;
		};
		C01FCF4E08A954540054247B /* Build configuration list for PBXProject "OpenGLES2" */ = {
			isa = XCConfigurationList;
			buildConfigurations = (
				C01FCF4F08A954540054247B /* Debug */,
				C01FCF5008A954540054247B /* Release */,
			);
			defaultConfigurationIsVisible = 0;
			defaultConfigurationName = Release;
		};
/* End XCConfigurationList section */
	};
	rootObject = 29B97313FDCFA39411CA2CEA /* Project object */;
}
